
Microsoft Visual Studio Solution File, Format Version 12.00
# Visual Studio Version 17
VisualStudioVersion = 17.2.32210.308
MinimumVisualStudioVersion = 10.0.40219.1
Project("{9A19103F-16F7-4668-BE54-9A1E7A4F7556}") = "Utilities", "Utilities\Utilities.csproj", "{0C347342-311D-4EF8-839C-22D5E2B83345}"
EndProject
Project("{2150E333-8FDC-42A3-9474-1A3956D46DE8}") = "Solution Items", "Solution Items", "{C02ADEE0-B2CB-465B-912B-41D102239980}"
	ProjectSection(SolutionItems) = preProject
		.gitattributes = .gitattributes
		.gitignore = .gitignore
		.github\dependabot.yml = .github\dependabot.yml
		LICENSE = LICENSE
		README.md = README.md
		version.json = version.json
	EndProjectSection
EndProject
Project("{9A19103F-16F7-4668-BE54-9A1E7A4F7556}") = "UtilitiesTests", "UtilitiesTests\UtilitiesTests.csproj", "{02D62FA1-FB2D-49FD-AA04-96E2B459C9A8}"
	ProjectSection(ProjectDependencies) = postProject
		{0C347342-311D-4EF8-839C-22D5E2B83345} = {0C347342-311D-4EF8-839C-22D5E2B83345}
	EndProjectSection
EndProject
Project("{9A19103F-16F7-4668-BE54-9A1E7A4F7556}") = "Sandbox", "Sandbox\Sandbox.csproj", "{23F1E346-172C-4DD6-811E-2980C3022FD0}"
EndProject
Project("{2150E333-8FDC-42A3-9474-1A3956D46DE8}") = "Data", "Data", "{7E189F23-48EE-44B2-A102-0FDF27BE9C88}"
	ProjectSection(SolutionItems) = preProject
		Data\ISO-639-2_utf-8.txt = Data\ISO-639-2_utf-8.txt
		Data\iso-639-3.tab = Data\iso-639-3.tab
		Data\language-subtag-registry = Data\language-subtag-registry
	EndProjectSection
EndProject
Project("{2150E333-8FDC-42A3-9474-1A3956D46DE8}") = "GitHub Actions", "GitHub Actions", "{6AEC3BF4-00CE-4C23-A003-82F12FCBA630}"
	ProjectSection(SolutionItems) = preProject
		.github\workflows\BuildPublishPipeline.yml = .github\workflows\BuildPublishPipeline.yml
		.github\dependabot.yml = .github\dependabot.yml
	EndProjectSection
EndProject
Global
	GlobalSection(SolutionConfigurationPlatforms) = preSolution
		Debug|Any CPU = Debug|Any CPU
		Release|Any CPU = Release|Any CPU
	EndGlobalSection
	GlobalSection(ProjectConfigurationPlatforms) = postSolution
		{0C347342-311D-4EF8-839C-22D5E2B83345}.Debug|Any CPU.ActiveCfg = Debug|Any CPU
		{0C347342-311D-4EF8-839C-22D5E2B83345}.Debug|Any CPU.Build.0 = Debug|Any CPU
		{0C347342-311D-4EF8-839C-22D5E2B83345}.Release|Any CPU.ActiveCfg = Release|Any CPU
		{0C347342-311D-4EF8-839C-22D5E2B83345}.Release|Any CPU.Build.0 = Release|Any CPU
		{02D62FA1-FB2D-49FD-AA04-96E2B459C9A8}.Debug|Any CPU.ActiveCfg = Debug|Any CPU
		{02D62FA1-FB2D-49FD-AA04-96E2B459C9A8}.Debug|Any CPU.Build.0 = Debug|Any CPU
		{02D62FA1-FB2D-49FD-AA04-96E2B459C9A8}.Release|Any CPU.ActiveCfg = Release|Any CPU
		{02D62FA1-FB2D-49FD-AA04-96E2B459C9A8}.Release|Any CPU.Build.0 = Release|Any CPU
		{23F1E346-172C-4DD6-811E-2980C3022FD0}.Debug|Any CPU.ActiveCfg = Debug|Any CPU
		{23F1E346-172C-4DD6-811E-2980C3022FD0}.Debug|Any CPU.Build.0 = Debug|Any CPU
		{23F1E346-172C-4DD6-811E-2980C3022FD0}.Release|Any CPU.ActiveCfg = Release|Any CPU
		{23F1E346-172C-4DD6-811E-2980C3022FD0}.Release|Any CPU.Build.0 = Release|Any CPU
	EndGlobalSection
	GlobalSection(SolutionProperties) = preSolution
		HideSolutionNode = FALSE
	EndGlobalSection
	GlobalSection(NestedProjects) = preSolution
		{7E189F23-48EE-44B2-A102-0FDF27BE9C88} = {C02ADEE0-B2CB-465B-912B-41D102239980}
		{6AEC3BF4-00CE-4C23-A003-82F12FCBA630} = {C02ADEE0-B2CB-465B-912B-41D102239980}
	EndGlobalSection
	GlobalSection(ExtensibilityGlobals) = postSolution
		SolutionGuid = {F2A0A473-E965-4EF2-ACB0-8276D0127ED2}
	EndGlobalSection
EndGlobal
